
Microsoft Visual Studio Solution File, Format Version 12.00
# Visual Studio Version 17
VisualStudioVersion = 17.9.34902.65
MinimumVisualStudioVersion = 10.0.40219.1
Project("{8BC9CEB8-8B4A-11D0-8D11-00A0C91BC942}") = "myArray", "myArray\myArray.vcxproj", "{B7A77238-C9F3-414F-95B1-FBA167E43C6C}"
EndProject
Project("{8BC9CEB8-8B4A-11D0-8D11-00A0C91BC942}") = "tests", "tests\tests.vcxproj", "{381711EC-09AD-491A-A2FB-E55E28283203}"
EndProject
Global
	GlobalSection(SolutionConfigurationPlatforms) = preSolution
		Debug|x64 = Debug|x64
		Debug|x86 = Debug|x86
		Release|x64 = Release|x64
		Release|x86 = Release|x86
	EndGlobalSection
	GlobalSection(ProjectConfigurationPlatforms) = postSolution
		{B7A77238-C9F3-414F-95B1-FBA167E43C6C}.Debug|x64.ActiveCfg = Debug|x64
		{B7A77238-C9F3-414F-95B1-FBA167E43C6C}.Debug|x64.Build.0 = Debug|x64
		{B7A77238-C9F3-414F-95B1-FBA167E43C6C}.Debug|x86.ActiveCfg = Debug|Win32
		{B7A77238-C9F3-414F-95B1-FBA167E43C6C}.Debug|x86.Build.0 = Debug|Win32
		{B7A77238-C9F3-414F-95B1-FBA167E43C6C}.Release|x64.ActiveCfg = Release|x64
		{B7A77238-C9F3-414F-95B1-FBA167E43C6C}.Release|x64.Build.0 = Release|x64
		{B7A77238-C9F3-414F-95B1-FBA167E43C6C}.Release|x86.ActiveCfg = Release|Win32
		{B7A77238-C9F3-414F-95B1-FBA167E43C6C}.Release|x86.Build.0 = Release|Win32
		{381711EC-09AD-491A-A2FB-E55E28283203}.Debug|x64.ActiveCfg = Debug|x64
		{381711EC-09AD-491A-A2FB-E55E28283203}.Debug|x64.Build.0 = Debug|x64
		{381711EC-09AD-491A-A2FB-E55E28283203}.Debug|x86.ActiveCfg = Debug|Win32
		{381711EC-09AD-491A-A2FB-E55E28283203}.Debug|x86.Build.0 = Debug|Win32
		{381711EC-09AD-491A-A2FB-E55E28283203}.Release|x64.ActiveCfg = Release|x64
		{381711EC-09AD-491A-A2FB-E55E28283203}.Release|x64.Build.0 = Release|x64
		{381711EC-09AD-491A-A2FB-E55E28283203}.Release|x86.ActiveCfg = Release|Win32
		{381711EC-09AD-491A-A2FB-E55E28283203}.Release|x86.Build.0 = Release|Win32
	EndGlobalSection
	GlobalSection(SolutionProperties) = preSolution
		HideSolutionNode = FALSE
	EndGlobalSection
	GlobalSection(ExtensibilityGlobals) = postSolution
		SolutionGuid = {A3E83783-D67A-4DA3-B1C9-664590751201}
	EndGlobalSection
EndGlobal
