
Microsoft Visual Studio Solution File, Format Version 12.00
# Visual Studio Version 17
VisualStudioVersion = 17.9.34723.18
MinimumVisualStudioVersion = 10.0.40219.1
Project("{8BC9CEB8-8B4A-11D0-8D11-00A0C91BC942}") = "myString", "myString\myString.vcxproj", "{14703E26-CED8-4B4A-95BC-4696CCADC2EC}"
EndProject
Project("{8BC9CEB8-8B4A-11D0-8D11-00A0C91BC942}") = "tests", "tests\tests.vcxproj", "{69E4FFFF-6DFD-46C3-AF66-77E79D735475}"
EndProject
Global
	GlobalSection(SolutionConfigurationPlatforms) = preSolution
		Debug|x64 = Debug|x64
		Debug|x86 = Debug|x86
		Release|x64 = Release|x64
		Release|x86 = Release|x86
	EndGlobalSection
	GlobalSection(ProjectConfigurationPlatforms) = postSolution
		{14703E26-CED8-4B4A-95BC-4696CCADC2EC}.Debug|x64.ActiveCfg = Debug|x64
		{14703E26-CED8-4B4A-95BC-4696CCADC2EC}.Debug|x64.Build.0 = Debug|x64
		{14703E26-CED8-4B4A-95BC-4696CCADC2EC}.Debug|x86.ActiveCfg = Debug|Win32
		{14703E26-CED8-4B4A-95BC-4696CCADC2EC}.Debug|x86.Build.0 = Debug|Win32
		{14703E26-CED8-4B4A-95BC-4696CCADC2EC}.Release|x64.ActiveCfg = Release|x64
		{14703E26-CED8-4B4A-95BC-4696CCADC2EC}.Release|x64.Build.0 = Release|x64
		{14703E26-CED8-4B4A-95BC-4696CCADC2EC}.Release|x86.ActiveCfg = Release|Win32
		{14703E26-CED8-4B4A-95BC-4696CCADC2EC}.Release|x86.Build.0 = Release|Win32
		{69E4FFFF-6DFD-46C3-AF66-77E79D735475}.Debug|x64.ActiveCfg = Debug|x64
		{69E4FFFF-6DFD-46C3-AF66-77E79D735475}.Debug|x64.Build.0 = Debug|x64
		{69E4FFFF-6DFD-46C3-AF66-77E79D735475}.Debug|x86.ActiveCfg = Debug|Win32
		{69E4FFFF-6DFD-46C3-AF66-77E79D735475}.Debug|x86.Build.0 = Debug|Win32
		{69E4FFFF-6DFD-46C3-AF66-77E79D735475}.Release|x64.ActiveCfg = Release|x64
		{69E4FFFF-6DFD-46C3-AF66-77E79D735475}.Release|x64.Build.0 = Release|x64
		{69E4FFFF-6DFD-46C3-AF66-77E79D735475}.Release|x86.ActiveCfg = Release|Win32
		{69E4FFFF-6DFD-46C3-AF66-77E79D735475}.Release|x86.Build.0 = Release|Win32
	EndGlobalSection
	GlobalSection(SolutionProperties) = preSolution
		HideSolutionNode = FALSE
	EndGlobalSection
	GlobalSection(ExtensibilityGlobals) = postSolution
		SolutionGuid = {0E971E7A-C4A4-42CC-8F0F-5832A256A420}
	EndGlobalSection
EndGlobal
